  "myclient": {
    "client_secret": "CYpBPBiWF5jUtEB1difPkQiKEe9M3afi",
    "allowed_scopes": [
      "openid",
      "offline_access",
      "one-time-password-sms:send-validate",
      "serviceregistry",
      "qod-sessions-write",
      "mc_vm_match_hash",
      "serviceprofile:write",
      "microprofile-jwt",
      "fed-mgmt",
      "edge:serviceprofile:write",
      "qod-sessions-read",
      "discovery",
      "number-verification-verify-read",
      "number-verification-share-read",
      "edge:serviceprofile:read",
      "one-time-password-sms-send-validate",
      "serviceregistry:write",
      "net-resources",
      "edge:discovery:read",
      "qod-sessions-delete",
      "discovery:read",
      "mc_atp",
      "carrier-billing-checkout-purchase-digital-good-user-write",
      "edge:traffic-influences:read",
      "edge:traffic-influences:write",
      "device-location-read",
      "carrier-billing-checkout-user-notifications",
      "serviceprofile:read",
      "carrier-billing-checkout-purchase-digital-good-user-read",
      "mc_vm_match",
      "edge:serviceregistry:write",
      "serviceregistry:read",
      "device-status-roaming-read",
      "qod-profiles-read",
      "carrier-billing-checkout-payment-user-write",
      "edge:serviceregistry:read",
      "retrieve-sim-swap-date",
      "check-sim-swap",
      "serviceprofile",
      "nbi-mgmt"
    ],
    "redirect_uris": [
      [
        "http://ktopenlab.iptime.org:5000/oauth/authorize",
        null
      ],
      [
        "http://localhost:5000/kc/callback",
        null
      ]
    ],
    "client_salt": "salted",
    "endpoint_auth_method": "client_secret_post",
    "response_types": [
      "code",
      "code id_token",
      "id_token"
    ]
  }